github.com/go-chi/chi/v5 v5.0.12 h1:9euLV5sTrTNTRUU9POmDUvfxyj6LAABLUcEWO+JJb4s=
github.com/go-chi/chi/v5 v5.0.12/go.mod h1:DslCQbL2OYiznFReuXYUmQ2hGd1aDpCnlMNITLSKoi8=
github.com/osteele/liquid v1.3.2 h1:G+MvVYt1HX2xuv99JgdrhV7zRVdlvFnNi8M5rN8gQmI=
github.com/osteele/liquid v1.3.2/go.mod h1:VmzQQHa5v4E0GvGzqccfAfLgMwRk2V+s1QbxYx9dGak=
github.com/osteele/tuesday v1.0.3 h1:SrCmo6sWwSgnvs1bivmXLvD7Ko9+aJvvkmDjB5G4FTU=
github.com/osteele/tuesday v1.0.3/go.mod h1:pREKpE+L03UFuR+hiznj3q7j3qB1rUZ4XfKejwWFF2M=
gopkg.in/check.v1 v0.0.0-20161208181325-20d25e280405/go.mod h1:Co6ibVJAznAaIkqp8huTwlJQCZ016jof/cbN4VW5Yz0=
gopkg.in/yaml.v2 v2.4.0 h1:D8xgwECY7CYvx+Y2n4sBz93Jn9JRvxdiyyo8CTfuKaY=
gopkg.in/yaml.v2 v2.4.0/go.mod h1:RDklbk79AGWmwhnvt/jBztapEOGDOx6ZbXqjP6csGnQ=
